
Microsoft Visual Studio Solution File, Format Version 12.00
# Visual Studio 15
VisualStudioVersion = 15.0.27703.2042
MinimumVisualStudioVersion = 10.0.40219.1
Project("{9A19103F-16F7-4668-BE54-9A1E7A4F7556}") = "Stack.RabbitMQ", "Stack.RabbitMQ\Stack.RabbitMQ.csproj", "{F41E3389-AA1D-471C-85CF-8A518BD59963}"
EndProject
Project("{FAE04EC0-301F-11D3-BF4B-00C04F79EFBC}") = "Stack.RabbitMQ.Console", "Stack.RabbitMQ.Console\Stack.RabbitMQ.Console.csproj", "{885FBB52-23EA-440E-B2D3-FEAF35CFB1A0}"
EndProject
Project("{2150E333-8FDC-42A3-9474-1A3956D46DE8}") = "Test", "Test", "{94EFD894-E82E-47F4-B884-7686139D4D3B}"
EndProject
Global
	GlobalSection(SolutionConfigurationPlatforms) = preSolution
		Debug|Any CPU = Debug|Any CPU
		Release|Any CPU = Release|Any CPU
	EndGlobalSection
	GlobalSection(ProjectConfigurationPlatforms) = postSolution
		{F41E3389-AA1D-471C-85CF-8A518BD59963}.Debug|Any CPU.ActiveCfg = Debug|Any CPU
		{F41E3389-AA1D-471C-85CF-8A518BD59963}.Debug|Any CPU.Build.0 = Debug|Any CPU
		{F41E3389-AA1D-471C-85CF-8A518BD59963}.Release|Any CPU.ActiveCfg = Release|Any CPU
		{F41E3389-AA1D-471C-85CF-8A518BD59963}.Release|Any CPU.Build.0 = Release|Any CPU
		{885FBB52-23EA-440E-B2D3-FEAF35CFB1A0}.Debug|Any CPU.ActiveCfg = Debug|Any CPU
		{885FBB52-23EA-440E-B2D3-FEAF35CFB1A0}.Debug|Any CPU.Build.0 = Debug|Any CPU
		{885FBB52-23EA-440E-B2D3-FEAF35CFB1A0}.Release|Any CPU.ActiveCfg = Release|Any CPU
		{885FBB52-23EA-440E-B2D3-FEAF35CFB1A0}.Release|Any CPU.Build.0 = Release|Any CPU
	EndGlobalSection
	GlobalSection(SolutionProperties) = preSolution
		HideSolutionNode = FALSE
	EndGlobalSection
	GlobalSection(NestedProjects) = preSolution
		{885FBB52-23EA-440E-B2D3-FEAF35CFB1A0} = {94EFD894-E82E-47F4-B884-7686139D4D3B}
	EndGlobalSection
	GlobalSection(ExtensibilityGlobals) = postSolution
		SolutionGuid = {8DB33774-183B-450C-9922-73E61FB32BB2}
	EndGlobalSection
EndGlobal
